// !$*UTF8*$!
{
	archiveVersion = 1;
	classes = {
	};
	objectVersion = 50;
	objects = {

/* Begin PBXBuildFile section */
		1B334A84238EDEDC00F81058 /* Resources in CopyFiles */ = {isa = PBXBuildFile; fileRef = 1BF58EB7238EDDFF00BF7612 /* Resources */; };
		1B334A88238FCB4200F81058 /* SplashState.cpp in Sources */ = {isa = PBXBuildFile; fileRef = 1B334A86238FCB4200F81058 /* SplashState.cpp */; };
		1B334A8B23902B0C00F81058 /* MainMenuState.cpp in Sources */ = {isa = PBXBuildFile; fileRef = 1B334A8923902B0C00F81058 /* MainMenuState.cpp */; };
		1B6B1E93238E632600A22AA3 /* AssetManager.cpp in Sources */ = {isa = PBXBuildFile; fileRef = 1B6B1E91238E632600A22AA3 /* AssetManager.cpp */; };
		1B6B1E96238E689100A22AA3 /* InputManager.cpp in Sources */ = {isa = PBXBuildFile; fileRef = 1B6B1E94238E689100A22AA3 /* InputManager.cpp */; };
		1B82C92F238C2F5400CBCD30 /* StateMachine.cpp in Sources */ = {isa = PBXBuildFile; fileRef = 1B82C92D238C2F5400CBCD30 /* StateMachine.cpp */; };
		1BF58E67238ECA4500BF7612 /* Game.cpp in Sources */ = {isa = PBXBuildFile; fileRef = 1BF58E65238ECA4500BF7612 /* Game.cpp */; };
		1BFBF857237906E3007DA785 /* main.cpp in Sources */ = {isa = PBXBuildFile; fileRef = 1BFBF856237906E3007DA785 /* main.cpp */; };
		1BFBF85F23794F74007DA785 /* libsfml-audio.2.5.1.dylib in Frameworks */ = {isa = PBXBuildFile; fileRef = 1BFBF85E23794F74007DA785 /* libsfml-audio.2.5.1.dylib */; };
		1BFBF86423794F95007DA785 /* libsfml-system.2.5.1.dylib in Frameworks */ = {isa = PBXBuildFile; fileRef = 1BFBF86023794F95007DA785 /* libsfml-system.2.5.1.dylib */; };
		1BFBF86523794F95007DA785 /* libsfml-network.2.5.1.dylib in Frameworks */ = {isa = PBXBuildFile; fileRef = 1BFBF86123794F95007DA785 /* libsfml-network.2.5.1.dylib */; };
		1BFBF86623794F95007DA785 /* libsfml-window.2.5.1.dylib in Frameworks */ = {isa = PBXBuildFile; fileRef = 1BFBF86223794F95007DA785 /* libsfml-window.2.5.1.dylib */; };
		1BFBF86723794F95007DA785 /* libsfml-graphics.2.5.1.dylib in Frameworks */ = {isa = PBXBuildFile; fileRef = 1BFBF86323794F95007DA785 /* libsfml-graphics.2.5.1.dylib */; };
/* End PBXBuildFile section */

/* Begin PBXCopyFilesBuildPhase section */
		1B334A83238EDEC500F81058 /* CopyFiles */ = {
			isa = PBXCopyFilesBuildPhase;
			buildActionMask = 2147483647;
			dstPath = "";
			dstSubfolderSpec = 7;
			files = (
				1B334A84238EDEDC00F81058 /* Resources in CopyFiles */,
			);
			runOnlyForDeploymentPostprocessing = 0;
		};
		1BFBF851237906E3007DA785 /* CopyFiles */ = {
			isa = PBXCopyFilesBuildPhase;
			buildActionMask = 2147483647;
			dstPath = /usr/share/man/man1/;
			dstSubfolderSpec = 0;
			files = (
			);
			runOnlyForDeploymentPostprocessing = 1;
		};
/* End PBXCopyFilesBuildPhase section */

/* Begin PBXFileReference section */
		1B334A86238FCB4200F81058 /* SplashState.cpp */ = {isa = PBXFileReference; lastKnownFileType = sourcecode.cpp.cpp; path = SplashState.cpp; sourceTree = "<group>"; };
		1B334A87238FCB4200F81058 /* SplashState.hpp */ = {isa = PBXFileReference; lastKnownFileType = sourcecode.cpp.h; path = SplashState.hpp; sourceTree = "<group>"; };
		1B334A8923902B0C00F81058 /* MainMenuState.cpp */ = {isa = PBXFileReference; lastKnownFileType = sourcecode.cpp.cpp; path = MainMenuState.cpp; sourceTree = "<group>"; };
		1B334A8A23902B0C00F81058 /* MainMenuState.hpp */ = {isa = PBXFileReference; lastKnownFileType = sourcecode.cpp.h; path = MainMenuState.hpp; sourceTree = "<group>"; };
		1B334A8C23902C5C00F81058 /* DEFINITIONS.hpp */ = {isa = PBXFileReference; lastKnownFileType = sourcecode.cpp.h; path = DEFINITIONS.hpp; sourceTree = "<group>"; };
		1B6B1E91238E632600A22AA3 /* AssetManager.cpp */ = {isa = PBXFileReference; lastKnownFileType = sourcecode.cpp.cpp; path = AssetManager.cpp; sourceTree = "<group>"; };
		1B6B1E92238E632600A22AA3 /* AssetManager.hpp */ = {isa = PBXFileReference; lastKnownFileType = sourcecode.cpp.h; path = AssetManager.hpp; sourceTree = "<group>"; };
		1B6B1E94238E689100A22AA3 /* InputManager.cpp */ = {isa = PBXFileReference; lastKnownFileType = sourcecode.cpp.cpp; path = InputManager.cpp; sourceTree = "<group>"; };
		1B6B1E95238E689100A22AA3 /* InputManager.hpp */ = {isa = PBXFileReference; lastKnownFileType = sourcecode.cpp.h; path = InputManager.hpp; sourceTree = "<group>"; };
		1B82C92C238C2E3500CBCD30 /* State.hpp */ = {isa = PBXFileReference; lastKnownFileType = sourcecode.cpp.h; path = State.hpp; sourceTree = "<group>"; };
		1B82C92D238C2F5400CBCD30 /* StateMachine.cpp */ = {isa = PBXFileReference; lastKnownFileType = sourcecode.cpp.cpp; path = StateMachine.cpp; sourceTree = "<group>"; };
		1B82C92E238C2F5400CBCD30 /* StateMachine.hpp */ = {isa = PBXFileReference; lastKnownFileType = sourcecode.cpp.h; path = StateMachine.hpp; sourceTree = "<group>"; };
		1BF58E65238ECA4500BF7612 /* Game.cpp */ = {isa = PBXFileReference; lastKnownFileType = sourcecode.cpp.cpp; path = Game.cpp; sourceTree = "<group>"; };
		1BF58E66238ECA4500BF7612 /* Game.hpp */ = {isa = PBXFileReference; lastKnownFileType = sourcecode.cpp.h; path = Game.hpp; sourceTree = "<group>"; };
		1BF58EB7238EDDFF00BF7612 /* Resources */ = {isa = PBXFileReference; lastKnownFileType = folder; path = Resources; sourceTree = "<group>"; };
		1BFBF853237906E3007DA785 /* SFML Template */ = {isa = PBXFileReference; explicitFileType = "compiled.mach-o.executable"; includeInIndex = 0; path = "SFML Template"; sourceTree = BUILT_PRODUCTS_DIR; };
		1BFBF856237906E3007DA785 /* main.cpp */ = {isa = PBXFileReference; lastKnownFileType = sourcecode.cpp.cpp; path = main.cpp; sourceTree = "<group>"; };
		1BFBF85E23794F74007DA785 /* libsfml-audio.2.5.1.dylib */ = {isa = PBXFileReference; lastKnownFileType = "compiled.mach-o.dylib"; name = "libsfml-audio.2.5.1.dylib"; path = "../../External Libraries/SFML/lib/libsfml-audio.2.5.1.dylib"; sourceTree = "<group>"; };
		1BFBF86023794F95007DA785 /* libsfml-system.2.5.1.dylib */ = {isa = PBXFileReference; lastKnownFileType = "compiled.mach-o.dylib"; name = "libsfml-system.2.5.1.dylib"; path = "../../External Libraries/SFML/lib/libsfml-system.2.5.1.dylib"; sourceTree = "<group>"; };
		1BFBF86123794F95007DA785 /* libsfml-network.2.5.1.dylib */ = {isa = PBXFileReference; lastKnownFileType = "compiled.mach-o.dylib"; name = "libsfml-network.2.5.1.dylib"; path = "../../External Libraries/SFML/lib/libsfml-network.2.5.1.dylib"; sourceTree = "<group>"; };
		1BFBF86223794F95007DA785 /* libsfml-window.2.5.1.dylib */ = {isa = PBXFileReference; lastKnownFileType = "compiled.mach-o.dylib"; name = "libsfml-window.2.5.1.dylib"; path = "../../External Libraries/SFML/lib/libsfml-window.2.5.1.dylib"; sourceTree = "<group>"; };
		1BFBF86323794F95007DA785 /* libsfml-graphics.2.5.1.dylib */ = {isa = PBXFileReference; lastKnownFileType = "compiled.mach-o.dylib"; name = "libsfml-graphics.2.5.1.dylib"; path = "../../External Libraries/SFML/lib/libsfml-graphics.2.5.1.dylib"; sourceTree = "<group>"; };
/* End PBXFileReference section */

/* Begin PBXFrameworksBuildPhase section */
		1BFBF850237906E3007DA785 /* Frameworks */ = {
			isa = PBXFrameworksBuildPhase;
			buildActionMask = 2147483647;
			files = (
				1BFBF86423794F95007DA785 /* libsfml-system.2.5.1.dylib in Frameworks */,
				1BFBF86523794F95007DA785 /* libsfml-network.2.5.1.dylib in Frameworks */,
				1BFBF86623794F95007DA785 /* libsfml-window.2.5.1.dylib in Frameworks */,
				1BFBF86723794F95007DA785 /* libsfml-graphics.2.5.1.dylib in Frameworks */,
				1BFBF85F23794F74007DA785 /* libsfml-audio.2.5.1.dylib in Frameworks */,
			);
			runOnlyForDeploymentPostprocessing = 0;
		};
/* End PBXFrameworksBuildPhase section */

/* Begin PBXGroup section */
		1BFBF84A237906E3007DA785 = {
			isa = PBXGroup;
			children = (
				1BFBF855237906E3007DA785 /* SFML Template */,
				1BFBF854237906E3007DA785 /* Products */,
				1BFBF85D23794F74007DA785 /* Frameworks */,
			);
			sourceTree = "<group>";
		};
		1BFBF854237906E3007DA785 /* Products */ = {
			isa = PBXGroup;
			children = (
				1BFBF853237906E3007DA785 /* SFML Template */,
			);
			name = Products;
			sourceTree = "<group>";
		};
		1BFBF855237906E3007DA785 /* SFML Template */ = {
			isa = PBXGroup;
			children = (
				1BF58EB7238EDDFF00BF7612 /* Resources */,
				1BFBF856237906E3007DA785 /* main.cpp */,
				1B82C92C238C2E3500CBCD30 /* State.hpp */,
				1B82C92D238C2F5400CBCD30 /* StateMachine.cpp */,
				1B82C92E238C2F5400CBCD30 /* StateMachine.hpp */,
				1B6B1E91238E632600A22AA3 /* AssetManager.cpp */,
				1B6B1E92238E632600A22AA3 /* AssetManager.hpp */,
				1B6B1E94238E689100A22AA3 /* InputManager.cpp */,
				1B6B1E95238E689100A22AA3 /* InputManager.hpp */,
				1BF58E65238ECA4500BF7612 /* Game.cpp */,
				1BF58E66238ECA4500BF7612 /* Game.hpp */,
				1B334A86238FCB4200F81058 /* SplashState.cpp */,
				1B334A87238FCB4200F81058 /* SplashState.hpp */,
				1B334A8923902B0C00F81058 /* MainMenuState.cpp */,
				1B334A8A23902B0C00F81058 /* MainMenuState.hpp */,
				1B334A8C23902C5C00F81058 /* DEFINITIONS.hpp */,
			);
			path = "SFML Template";
			sourceTree = "<group>";
		};
		1BFBF85D23794F74007DA785 /* Frameworks */ = {
			isa = PBXGroup;
			children = (
				1BFBF86323794F95007DA785 /* libsfml-graphics.2.5.1.dylib */,
				1BFBF86123794F95007DA785 /* libsfml-network.2.5.1.dylib */,
				1BFBF86023794F95007DA785 /* libsfml-system.2.5.1.dylib */,
				1BFBF86223794F95007DA785 /* libsfml-window.2.5.1.dylib */,
				1BFBF85E23794F74007DA785 /* libsfml-audio.2.5.1.dylib */,
			);
			name = Frameworks;
			sourceTree = "<group>";
		};
/* End PBXGroup section */

/* Begin PBXNativeTarget section */
		1BFBF852237906E3007DA785 /* SFML Template */ = {
			isa = PBXNativeTarget;
			buildConfigurationList = 1BFBF85A237906E3007DA785 /* Build configuration list for PBXNativeTarget "SFML Template" */;
			buildPhases = (
				1BFBF84F237906E3007DA785 /* Sources */,
				1BFBF850237906E3007DA785 /* Frameworks */,
				1BFBF851237906E3007DA785 /* CopyFiles */,
				1B334A83238EDEC500F81058 /* CopyFiles */,
			);
			buildRules = (
			);
			dependencies = (
			);
			name = "SFML Template";
			productName = "SFML Template";
			productReference = 1BFBF853237906E3007DA785 /* SFML Template */;
			productType = "com.apple.product-type.tool";
		};
/* End PBXNativeTarget section */

/* Begin PBXProject section */
		1BFBF84B237906E3007DA785 /* Project object */ = {
			isa = PBXProject;
			attributes = {
				LastUpgradeCheck = 1120;
				ORGANIZATIONNAME = "Quang Tran";
				TargetAttributes = {
					1BFBF852237906E3007DA785 = {
						CreatedOnToolsVersion = 11.1;
					};
				};
			};
			buildConfigurationList = 1BFBF84E237906E3007DA785 /* Build configuration list for PBXProject "SFML Template" */;
			compatibilityVersion = "Xcode 9.3";
			developmentRegion = en;
			hasScannedForEncodings = 0;
			knownRegions = (
				en,
				Base,
			);
			mainGroup = 1BFBF84A237906E3007DA785;
			productRefGroup = 1BFBF854237906E3007DA785 /* Products */;
			projectDirPath = "";
			projectRoot = "";
			targets = (
				1BFBF852237906E3007DA785 /* SFML Template */,
			);
		};
/* End PBXProject section */

/* Begin PBXSourcesBuildPhase section */
		1BFBF84F237906E3007DA785 /* Sources */ = {
			isa = PBXSourcesBuildPhase;
			buildActionMask = 2147483647;
			files = (
				1B334A8B23902B0C00F81058 /* MainMenuState.cpp in Sources */,
				1B6B1E96238E689100A22AA3 /* InputManager.cpp in Sources */,
				1B6B1E93238E632600A22AA3 /* AssetManager.cpp in Sources */,
				1B334A88238FCB4200F81058 /* SplashState.cpp in Sources */,
				1BFBF857237906E3007DA785 /* main.cpp in Sources */,
				1B82C92F238C2F5400CBCD30 /* StateMachine.cpp in Sources */,
				1BF58E67238ECA4500BF7612 /* Game.cpp in Sources */,
			);
			runOnlyForDeploymentPostprocessing = 0;
		};
/* End PBXSourcesBuildPhase section */

/* Begin XCBuildConfiguration section */
		1BFBF858237906E3007DA785 /* Debug */ = {
			isa = XCBuildConfiguration;
			buildSettings = {
				ALWAYS_SEARCH_USER_PATHS = NO;
				CLANG_ANALYZER_NONNULL = YES;
				CLANG_ANALYZER_NUMBER_OBJECT_CONVERSION = YES_AGGRESSIVE;
				CLANG_CXX_LANGUAGE_STANDARD = "gnu++14";
				CLANG_CXX_LIBRARY = "libc++";
				CLANG_ENABLE_MODULES = YES;
				CLANG_ENABLE_OBJC_ARC = YES;
				CLANG_ENABLE_OBJC_WEAK = YES;
				CLANG_WARN_BLOCK_CAPTURE_AUTORELEASING = YES;
				CLANG_WARN_BOOL_CONVERSION = YES;
				CLANG_WARN_COMMA = YES;
				CLANG_WARN_CONSTANT_CONVERSION = YES;
				CLANG_WARN_DEPRECATED_OBJC_IMPLEMENTATIONS = YES;
				CLANG_WARN_DIRECT_OBJC_ISA_USAGE = YES_ERROR;
				CLANG_WARN_DOCUMENTATION_COMMENTS = YES;
				CLANG_WARN_EMPTY_BODY = YES;
				CLANG_WARN_ENUM_CONVERSION = YES;
				CLANG_WARN_INFINITE_RECURSION = YES;
				CLANG_WARN_INT_CONVERSION = YES;
				CLANG_WARN_NON_LITERAL_NULL_CONVERSION = YES;
				CLANG_WARN_OBJC_IMPLICIT_RETAIN_SELF = YES;
				CLANG_WARN_OBJC_LITERAL_CONVERSION = YES;
				CLANG_WARN_OBJC_ROOT_CLASS = YES_ERROR;
				CLANG_WARN_RANGE_LOOP_ANALYSIS = YES;
				CLANG_WARN_STRICT_PROTOTYPES = YES;
				CLANG_WARN_SUSPICIOUS_MOVE = YES;
				CLANG_WARN_UNGUARDED_AVAILABILITY = YES_AGGRESSIVE;
				CLANG_WARN_UNREACHABLE_CODE = YES;
				CLANG_WARN__DUPLICATE_METHOD_MATCH = YES;
				COPY_PHASE_STRIP = NO;
				DEBUG_INFORMATION_FORMAT = dwarf;
				ENABLE_STRICT_OBJC_MSGSEND = YES;
				ENABLE_TESTABILITY = YES;
				GCC_C_LANGUAGE_STANDARD = gnu11;
				GCC_DYNAMIC_NO_PIC = NO;
				GCC_NO_COMMON_BLOCKS = YES;
				GCC_OPTIMIZATION_LEVEL = 0;
				GCC_PREPROCESSOR_DEFINITIONS = (
					"DEBUG=1",
					"$(inherited)",
				);
				GCC_WARN_64_TO_32_BIT_CONVERSION = YES;
				GCC_WARN_ABOUT_RETURN_TYPE = YES_ERROR;
				GCC_WARN_UNDECLARED_SELECTOR = YES;
				GCC_WARN_UNINITIALIZED_AUTOS = YES_AGGRESSIVE;
				GCC_WARN_UNUSED_FUNCTION = YES;
				GCC_WARN_UNUSED_VARIABLE = YES;
				MACOSX_DEPLOYMENT_TARGET = 10.15;
				MTL_ENABLE_DEBUG_INFO = INCLUDE_SOURCE;
				MTL_FAST_MATH = YES;
				ONLY_ACTIVE_ARCH = YES;
				SDKROOT = macosx;
			};
			name = Debug;
		};
		1BFBF859237906E3007DA785 /* Release */ = {
			isa = XCBuildConfiguration;
			buildSettings = {
				ALWAYS_SEARCH_USER_PATHS = NO;
				CLANG_ANALYZER_NONNULL = YES;
				CLANG_ANALYZER_NUMBER_OBJECT_CONVERSION = YES_AGGRESSIVE;
				CLANG_CXX_LANGUAGE_STANDARD = "gnu++14";
				CLANG_CXX_LIBRARY = "libc++";
				CLANG_ENABLE_MODULES = YES;
				CLANG_ENABLE_OBJC_ARC = YES;
				CLANG_ENABLE_OBJC_WEAK = YES;
				CLANG_WARN_BLOCK_CAPTURE_AUTORELEASING = YES;
				CLANG_WARN_BOOL_CONVERSION = YES;
				CLANG_WARN_COMMA = YES;
				CLANG_WARN_CONSTANT_CONVERSION = YES;
				CLANG_WARN_DEPRECATED_OBJC_IMPLEMENTATIONS = YES;
				CLANG_WARN_DIRECT_OBJC_ISA_USAGE = YES_ERROR;
				CLANG_WARN_DOCUMENTATION_COMMENTS = YES;
				CLANG_WARN_EMPTY_BODY = YES;
				CLANG_WARN_ENUM_CONVERSION = YES;
				CLANG_WARN_INFINITE_RECURSION = YES;
				CLANG_WARN_INT_CONVERSION = YES;
				CLANG_WARN_NON_LITERAL_NULL_CONVERSION = YES;
				CLANG_WARN_OBJC_IMPLICIT_RETAIN_SELF = YES;
				CLANG_WARN_OBJC_LITERAL_CONVERSION = YES;
				CLANG_WARN_OBJC_ROOT_CLASS = YES_ERROR;
				CLANG_WARN_RANGE_LOOP_ANALYSIS = YES;
				CLANG_WARN_STRICT_PROTOTYPES = YES;
				CLANG_WARN_SUSPICIOUS_MOVE = YES;
				CLANG_WARN_UNGUARDED_AVAILABILITY = YES_AGGRESSIVE;
				CLANG_WARN_UNREACHABLE_CODE = YES;
				CLANG_WARN__DUPLICATE_METHOD_MATCH = YES;
				COPY_PHASE_STRIP = NO;
				DEBUG_INFORMATION_FORMAT = "dwarf-with-dsym";
				ENABLE_NS_ASSERTIONS = NO;
				ENABLE_STRICT_OBJC_MSGSEND = YES;
				GCC_C_LANGUAGE_STANDARD = gnu11;
				GCC_NO_COMMON_BLOCKS = YES;
				GCC_WARN_64_TO_32_BIT_CONVERSION = YES;
				GCC_WARN_ABOUT_RETURN_TYPE = YES_ERROR;
				GCC_WARN_UNDECLARED_SELECTOR = YES;
				GCC_WARN_UNINITIALIZED_AUTOS = YES_AGGRESSIVE;
				GCC_WARN_UNUSED_FUNCTION = YES;
				GCC_WARN_UNUSED_VARIABLE = YES;
				MACOSX_DEPLOYMENT_TARGET = 10.15;
				MTL_ENABLE_DEBUG_INFO = NO;
				MTL_FAST_MATH = YES;
				SDKROOT = macosx;
			};
			name = Release;
		};
		1BFBF85B237906E3007DA785 /* Debug */ = {
			isa = XCBuildConfiguration;
			buildSettings = {
				CODE_SIGN_IDENTITY = "-";
				CODE_SIGN_STYLE = Automatic;
				FRAMEWORK_SEARCH_PATHS = "";
				HEADER_SEARCH_PATHS = "\"/usr/local/Cellar/sfml/2.5.1/include\"";
				LIBRARY_SEARCH_PATHS = "\"/usr/local/Cellar/sfml/2.5.1/lib\"";
				PRODUCT_NAME = "$(TARGET_NAME)";
			};
			name = Debug;
		};
		1BFBF85C237906E3007DA785 /* Release */ = {
			isa = XCBuildConfiguration;
			buildSettings = {
				CODE_SIGN_IDENTITY = "-";
				CODE_SIGN_STYLE = Automatic;
				FRAMEWORK_SEARCH_PATHS = "";
				HEADER_SEARCH_PATHS = "\"/usr/local/Cellar/sfml/2.5.1/include\"";
				LIBRARY_SEARCH_PATHS = "\"/usr/local/Cellar/sfml/2.5.1/lib\"";
				PRODUCT_NAME = "$(TARGET_NAME)";
			};
			name = Release;
		};
/* End XCBuildConfiguration section */

/* Begin XCConfigurationList section */
		1BFBF84E237906E3007DA785 /* Build configuration list for PBXProject "SFML Template" */ = {
			isa = XCConfigurationList;
			buildConfigurations = (
				1BFBF858237906E3007DA785 /* Debug */,
				1BFBF859237906E3007DA785 /* Release */,
			);
			defaultConfigurationIsVisible = 0;
			defaultConfigurationName = Release;
		};
		1BFBF85A237906E3007DA785 /* Build configuration list for PBXNativeTarget "SFML Template" */ = {
			isa = XCConfigurationList;
			buildConfigurations = (
				1BFBF85B237906E3007DA785 /* Debug */,
				1BFBF85C237906E3007DA785 /* Release */,
			);
			defaultConfigurationIsVisible = 0;
			defaultConfigurationName = Release;
		};
/* End XCConfigurationList section */
	};
	rootObject = 1BFBF84B237906E3007DA785 /* Project object */;
}
